<?xml version="1.0" encoding="utf-8"?>
<Project ToolsVersion="4.0" xmlns="http://schemas.microsoft.com/developer/msbuild/2003">
  <ItemGroup>
    <Filter Include="Assets">
      <UniqueIdentifier>946e6a1b-bb73-4530-aa2b-c858cc9d80a7</UniqueIdentifier>
      <Extensions>ico;cur;bmp;dds;dlg;fbx;rct;bin;rgs;gif;jpg;jpeg;jpe;resx;tga;tiff;tif;png;wav;mfcribbon-ms</Extensions>
    </Filter>
    <Filter Include="Resources">
      <UniqueIdentifier>{a85a0aac-a8fc-4f91-9a85-637537f77f2a}</UniqueIdentifier>
    </Filter>
    <Filter Include="Resources\Icons">
      <UniqueIdentifier>{d6d1ab5d-e663-48ef-ab5d-e9d80e50a4ab}</UniqueIdentifier>
    </Filter>
    <Filter Include="Assets\Models">
      <UniqueIdentifier>{9b5cb267-9962-4216-93b7-bafe3443cf78}</UniqueIdentifier>
    </Filter>
    <Filter Include="Assets\Shaders">
      <UniqueIdentifier>{a4e9b9d3-6215-4d78-a9b4-4d9590eec3bd}</UniqueIdentifier>
    </Filter>
  </ItemGroup>
  <ItemGroup>
    <ClInclude Include="pch.h" />
  </ItemGroup>
  <ItemGroup>
    <ClCompile Include="pch.cpp" />
    <ClCompile Include="Main.cpp" />
  </ItemGroup>
  <ItemGroup>
    <ResourceCompile Include="Resources\resource.rc">
      <Filter>Resources</Filter>
    </ResourceCompile>
  </ItemGroup>
  <ItemGroup>
    <Image Include="directx.ico">
      <Filter>Resources\Icons</Filter>
    </Image>
  </ItemGroup>
  <ItemGroup>
    <Manifest Include="Resources\settings.manifest">
      <Filter>Resources</Filter>
    </Manifest>
  </ItemGroup>
  <ItemGroup>
    <MeshContentTask Include="Resources\Models\Assets\igaguri.fbx">
      <Filter>Assets\Models</Filter>
    </MeshContentTask>
    <MeshContentTask Include="Resources\Models\Assets\target.fbx">
      <Filter>Assets\Models</Filter>
    </MeshContentTask>
    <MeshContentTask Include="Resources\Models\Assets\Terrain.obj">
      <Filter>Assets\Models</Filter>
    </MeshContentTask>
  </ItemGroup>
  <ItemGroup>
    <FxCompile Include="Resources\Shaders\Assets\RuleTransitionPS.hlsl">
      <Filter>Assets\Shaders</Filter>
    </FxCompile>
    <FxCompile Include="Resources\Shaders\Assets\RuleTransitionVS.hlsl">
      <Filter>Assets\Shaders</Filter>
    </FxCompile>
  </ItemGroup>
  <ItemGroup>
    <None Include="Resources\Shaders\Assets\RuleTransition.hlsli">
      <Filter>Assets\Shaders</Filter>
    </None>
  </ItemGroup>
</Project>