<?xml version="1.0" encoding="utf-8"?>
<Project ToolsVersion="4.0" xmlns="http://schemas.microsoft.com/developer/msbuild/2003">
  <ItemGroup>
    <ClCompile Include="pch.cpp" />
    <ClCompile Include="Game\Components\Background.cpp">
      <Filter>Game\Components</Filter>
    </ClCompile>
    <ClCompile Include="Game\Components\CameraComponent.cpp">
      <Filter>Game\Components</Filter>
    </ClCompile>
    <ClCompile Include="Game\Components\FontRenderer.cpp">
      <Filter>Game\Components</Filter>
    </ClCompile>
    <ClCompile Include="Game\Components\FPSCamera.cpp">
      <Filter>Game\Components</Filter>
    </ClCompile>
    <ClCompile Include="Game\Components\Goal.cpp">
      <Filter>Game\Components</Filter>
    </ClCompile>
    <ClCompile Include="Game\Components\Menu.cpp">
      <Filter>Game\Components</Filter>
    </ClCompile>
    <ClCompile Include="Game\Components\ModelRenderer.cpp">
      <Filter>Game\Components</Filter>
    </ClCompile>
    <ClCompile Include="Game\Components\PlayerCamera.cpp">
      <Filter>Game\Components</Filter>
    </ClCompile>
    <ClCompile Include="Game\Components\PlayerController.cpp">
      <Filter>Game\Components</Filter>
    </ClCompile>
    <ClCompile Include="Game\Components\PrimitiveRenderer.cpp">
      <Filter>Game\Components</Filter>
    </ClCompile>
    <ClCompile Include="Game\Components\RainbowEffect.cpp">
      <Filter>Game\Components</Filter>
    </ClCompile>
    <ClCompile Include="Game\Components\InfinityGridFloor.cpp">
      <Filter>Game\Components</Filter>
    </ClCompile>
    <ClCompile Include="DllMain.cpp" />
    <ClCompile Include="ProjectGenerated.cpp" />
  </ItemGroup>
  <ItemGroup>
    <ClInclude Include="pch.h" />
    <ClInclude Include="Game\BuildSettings.h">
      <Filter>Game</Filter>
    </ClInclude>
    <ClInclude Include="Game\Components\Background.h">
      <Filter>Game\Components</Filter>
    </ClInclude>
    <ClInclude Include="Game\Components\CameraComponent.h">
      <Filter>Game\Components</Filter>
    </ClInclude>
    <ClInclude Include="Game\Components\AllComponents.h">
      <Filter>Game\Components</Filter>
    </ClInclude>
    <ClInclude Include="Game\Components\FontRenderer.h">
      <Filter>Game\Components</Filter>
    </ClInclude>
    <ClInclude Include="Game\Components\FPSCamera.h">
      <Filter>Game\Components</Filter>
    </ClInclude>
    <ClInclude Include="Game\Components\Goal.h">
      <Filter>Game\Components</Filter>
    </ClInclude>
    <ClInclude Include="Game\Components\Menu.h">
      <Filter>Game\Components</Filter>
    </ClInclude>
    <ClInclude Include="Game\Components\ModelRenderer.h">
      <Filter>Game\Components</Filter>
    </ClInclude>
    <ClInclude Include="Game\Components\PlayerCamera.h">
      <Filter>Game\Components</Filter>
    </ClInclude>
    <ClInclude Include="Game\Components\PlayerController.h">
      <Filter>Game\Components</Filter>
    </ClInclude>
    <ClInclude Include="Game\Components\PrimitiveRenderer.h">
      <Filter>Game\Components</Filter>
    </ClInclude>
    <ClInclude Include="Game\Components\RainbowEffect.h">
      <Filter>Game\Components</Filter>
    </ClInclude>
    <ClInclude Include="Game\Components\InfinityGridFloor.h">
      <Filter>Game\Components</Filter>
    </ClInclude>
    <ClInclude Include="Game\Events\AllEvents.h">
      <Filter>Game\Events</Filter>
    </ClInclude>
    <ClInclude Include="Game\Tags\AllTags.h">
      <Filter>Game\Tags</Filter>
    </ClInclude>
    <ClInclude Include="ProjectGenerated.h" />
  </ItemGroup>
  <ItemGroup>
    <Filter Include="Game">
      <UniqueIdentifier>{ce533b0b-6c1a-4bfe-aaba-429bbcdd283e}</UniqueIdentifier>
    </Filter>
    <Filter Include="Game\Components">
      <UniqueIdentifier>{ff1db369-0657-4f23-839e-8f83c27c4599}</UniqueIdentifier>
    </Filter>
    <Filter Include="Game\Events">
      <UniqueIdentifier>{b765ce8b-a623-46e7-ab42-0d9dc9173e1a}</UniqueIdentifier>
    </Filter>
    <Filter Include="Game\Tags">
      <UniqueIdentifier>{f8eb093b-fc7f-4c61-b787-6535c2410668}</UniqueIdentifier>
    </Filter>
  </ItemGroup>
</Project>