
Microsoft Visual Studio Solution File, Format Version 12.00
# Visual Studio Version 16
VisualStudioVersion = 16.0.28729.10
MinimumVisualStudioVersion = 10.0.40219.1
Project("{8BC9CEB8-8B4A-11D0-8D11-00A0C91BC942}") = "3DShootingGame", "3DShootingGame\3DShootingGame.vcxproj", "{FEFA6499-5DF1-4263-B229-5EAB06C949C1}"
EndProject
Project("{8BC9CEB8-8B4A-11D0-8D11-00A0C91BC942}") = "ImGui", "ImGui\ImGui.vcxproj", "{A2B7CADF-EE4D-4294-AD5B-6C8048FCD5F7}"
EndProject
Global
	GlobalSection(SolutionConfigurationPlatforms) = preSolution
		Debug|x64 = Debug|x64
		Debug|x86 = Debug|x86
		Release|x64 = Release|x64
		Release|x86 = Release|x86
	EndGlobalSection
	GlobalSection(ProjectConfigurationPlatforms) = postSolution
		{FEFA6499-5DF1-4263-B229-5EAB06C949C1}.Debug|x64.ActiveCfg = Debug|x64
		{FEFA6499-5DF1-4263-B229-5EAB06C949C1}.Debug|x64.Build.0 = Debug|x64
		{FEFA6499-5DF1-4263-B229-5EAB06C949C1}.Debug|x86.ActiveCfg = Debug|Win32
		{FEFA6499-5DF1-4263-B229-5EAB06C949C1}.Debug|x86.Build.0 = Debug|Win32
		{FEFA6499-5DF1-4263-B229-5EAB06C949C1}.Release|x64.ActiveCfg = Release|x64
		{FEFA6499-5DF1-4263-B229-5EAB06C949C1}.Release|x64.Build.0 = Release|x64
		{FEFA6499-5DF1-4263-B229-5EAB06C949C1}.Release|x86.ActiveCfg = Release|Win32
		{FEFA6499-5DF1-4263-B229-5EAB06C949C1}.Release|x86.Build.0 = Release|Win32
		{A2B7CADF-EE4D-4294-AD5B-6C8048FCD5F7}.Debug|x64.ActiveCfg = Debug|x64
		{A2B7CADF-EE4D-4294-AD5B-6C8048FCD5F7}.Debug|x64.Build.0 = Debug|x64
		{A2B7CADF-EE4D-4294-AD5B-6C8048FCD5F7}.Debug|x86.ActiveCfg = Debug|Win32
		{A2B7CADF-EE4D-4294-AD5B-6C8048FCD5F7}.Debug|x86.Build.0 = Debug|Win32
		{A2B7CADF-EE4D-4294-AD5B-6C8048FCD5F7}.Release|x64.ActiveCfg = Release|x64
		{A2B7CADF-EE4D-4294-AD5B-6C8048FCD5F7}.Release|x64.Build.0 = Release|x64
		{A2B7CADF-EE4D-4294-AD5B-6C8048FCD5F7}.Release|x86.ActiveCfg = Release|Win32
		{A2B7CADF-EE4D-4294-AD5B-6C8048FCD5F7}.Release|x86.Build.0 = Release|Win32
	EndGlobalSection
	GlobalSection(SolutionProperties) = preSolution
		HideSolutionNode = FALSE
	EndGlobalSection
	GlobalSection(ExtensibilityGlobals) = postSolution
		SolutionGuid = {6012E426-5ED1-4A86-BF9A-040878BEE809}
	EndGlobalSection
EndGlobal
