<?xml version="1.0" encoding="utf-8"?>
<Project ToolsVersion="4.0" xmlns="http://schemas.microsoft.com/developer/msbuild/2003">
  <ItemGroup>
    <Filter Include="Common">
      <UniqueIdentifier>dd471a7f-755e-4eeb-bbe7-9f4d12f0c8dd</UniqueIdentifier>
    </Filter>
    <Filter Include="Assets">
      <UniqueIdentifier>946e6a1b-bb73-4530-aa2b-c858cc9d80a7</UniqueIdentifier>
      <Extensions>ico;cur;bmp;dds;dlg;fbx;rct;bin;rgs;gif;jpg;jpeg;jpe;resx;tga;tiff;tif;png;wav;mfcribbon-ms</Extensions>
    </Filter>
    <Filter Include="Framework">
      <UniqueIdentifier>{62cfa7e4-8610-4266-8021-e17b4ef9da93}</UniqueIdentifier>
    </Filter>
    <Filter Include="Game">
      <UniqueIdentifier>{cf8a0ca0-8af4-47bd-887f-df40814b70ae}</UniqueIdentifier>
    </Filter>
    <Filter Include="Resources">
      <UniqueIdentifier>{a85a0aac-a8fc-4f91-9a85-637537f77f2a}</UniqueIdentifier>
    </Filter>
    <Filter Include="Resources\Icons">
      <UniqueIdentifier>{d6d1ab5d-e663-48ef-ab5d-e9d80e50a4ab}</UniqueIdentifier>
    </Filter>
    <Filter Include="Framework\DebugTools">
      <UniqueIdentifier>{b5498548-590e-41a8-b1f7-e928560f1c99}</UniqueIdentifier>
    </Filter>
    <Filter Include="Utilities">
      <UniqueIdentifier>{3cabf63c-93d3-4911-a9e2-6b44bf879037}</UniqueIdentifier>
    </Filter>
    <Filter Include="Framework\PhysX">
      <UniqueIdentifier>{7b01bfa2-6ca7-490b-ac5b-16d4575d9dad}</UniqueIdentifier>
    </Filter>
    <Filter Include="Libraries">
      <UniqueIdentifier>{f51ead3e-6acf-4b03-b0d7-1b38c4166517}</UniqueIdentifier>
    </Filter>
    <Filter Include="Libraries\entt">
      <UniqueIdentifier>{18490d86-28d3-43e0-b71b-0a554da8f5f1}</UniqueIdentifier>
    </Filter>
    <Filter Include="Libraries\entt\config">
      <UniqueIdentifier>{d7cb8d82-d192-4d2f-884b-34be721b0adc}</UniqueIdentifier>
    </Filter>
    <Filter Include="Libraries\entt\core">
      <UniqueIdentifier>{917039ed-8c7a-4d29-87e1-3fb32e48fa7e}</UniqueIdentifier>
    </Filter>
    <Filter Include="Libraries\entt\entity">
      <UniqueIdentifier>{de1967a4-f3c5-4e39-9505-da160420ac60}</UniqueIdentifier>
    </Filter>
    <Filter Include="Libraries\entt\locator">
      <UniqueIdentifier>{58c80bd2-a7c8-42f0-9759-99111d21670f}</UniqueIdentifier>
    </Filter>
    <Filter Include="Libraries\entt\process">
      <UniqueIdentifier>{9f50b01f-98fc-409d-81ad-ea1ed8e81ce7}</UniqueIdentifier>
    </Filter>
    <Filter Include="Libraries\entt\resource">
      <UniqueIdentifier>{fcca93f8-ce06-4d38-a4f5-8f7e5c262aa8}</UniqueIdentifier>
    </Filter>
    <Filter Include="Libraries\entt\signal">
      <UniqueIdentifier>{40bd6c40-54c1-4991-a038-0e84b7707d83}</UniqueIdentifier>
    </Filter>
    <Filter Include="Framework\SceneManagement">
      <UniqueIdentifier>{93cb9e8a-6484-4eda-827f-c685444c9f8f}</UniqueIdentifier>
    </Filter>
    <Filter Include="Framework\ImGui">
      <UniqueIdentifier>{653870b9-633f-4429-9e86-214f8ba913a7}</UniqueIdentifier>
    </Filter>
    <Filter Include="Framework\Physics">
      <UniqueIdentifier>{968b202d-8ad8-45fc-b895-d2e54b4b2abc}</UniqueIdentifier>
    </Filter>
    <Filter Include="Assets\Models">
      <UniqueIdentifier>{9b5cb267-9962-4216-93b7-bafe3443cf78}</UniqueIdentifier>
    </Filter>
    <Filter Include="Assets\Shaders">
      <UniqueIdentifier>{a4e9b9d3-6215-4d78-a9b4-4d9590eec3bd}</UniqueIdentifier>
    </Filter>
  </ItemGroup>
  <ItemGroup>
    <ClInclude Include="pch.h" />
    <ClInclude Include="Framework\Game.h">
      <Filter>Framework</Filter>
    </ClInclude>
    <ClInclude Include="Framework\GameContext.h">
      <Filter>Framework</Filter>
    </ClInclude>
    <ClInclude Include="Framework\GameObject.h">
      <Filter>Framework</Filter>
    </ClInclude>
    <ClInclude Include="Framework\ISceneBuilder.h">
      <Filter>Framework</Filter>
    </ClInclude>
    <ClInclude Include="Framework\Transform.h">
      <Filter>Framework</Filter>
    </ClInclude>
    <ClInclude Include="Common\DeviceResources.h">
      <Filter>Common</Filter>
    </ClInclude>
    <ClInclude Include="Common\StepTimer.h">
      <Filter>Common</Filter>
    </ClInclude>
    <ClInclude Include="Game\BaseScene.h">
      <Filter>Game</Filter>
    </ClInclude>
    <ClInclude Include="Game\BuildSettings.h">
      <Filter>Game</Filter>
    </ClInclude>
    <ClInclude Include="Game\LogoScene.h">
      <Filter>Game</Filter>
    </ClInclude>
    <ClInclude Include="Game\PlayScene.h">
      <Filter>Game</Filter>
    </ClInclude>
    <ClInclude Include="Game\ResultScene.h">
      <Filter>Game</Filter>
    </ClInclude>
    <ClInclude Include="Game\SceneCommons.h">
      <Filter>Game</Filter>
    </ClInclude>
    <ClInclude Include="Game\TitleScene.h">
      <Filter>Game</Filter>
    </ClInclude>
    <ClInclude Include="Framework\DebugTools\GridFloor.h">
      <Filter>Framework\DebugTools</Filter>
    </ClInclude>
    <ClInclude Include="Framework\DebugTools\GridFloorWrapper.h">
      <Filter>Framework\DebugTools</Filter>
    </ClInclude>
    <ClInclude Include="Framework\DebugTools\DebugCamera.h">
      <Filter>Framework\DebugTools</Filter>
    </ClInclude>
    <ClInclude Include="Framework\DebugTools\DebugCameraWrapper.h">
      <Filter>Framework\DebugTools</Filter>
    </ClInclude>
    <ClInclude Include="Framework\Component.h">
      <Filter>Framework</Filter>
    </ClInclude>
    <ClInclude Include="Framework\GameCamera.h">
      <Filter>Framework</Filter>
    </ClInclude>
    <ClInclude Include="Utilities\MemoryLeakDetector.h">
      <Filter>Utilities</Filter>
    </ClInclude>
    <ClInclude Include="Utilities\Optional.h">
      <Filter>Utilities</Filter>
    </ClInclude>
    <ClInclude Include="Utilities\Random.h">
      <Filter>Utilities</Filter>
    </ClInclude>
    <ClInclude Include="Utilities\Singleton.h">
      <Filter>Utilities</Filter>
    </ClInclude>
    <ClInclude Include="Utilities\String.h">
      <Filter>Utilities</Filter>
    </ClInclude>
    <ClInclude Include="Utilities\TypeId.h">
      <Filter>Utilities</Filter>
    </ClInclude>
    <ClInclude Include="Utilities\AspectUtils.h">
      <Filter>Utilities</Filter>
    </ClInclude>
    <ClInclude Include="Utilities\Event.h">
      <Filter>Utilities</Filter>
    </ClInclude>
    <ClInclude Include="Utilities\Input.h">
      <Filter>Utilities</Filter>
    </ClInclude>
    <ClInclude Include="Utilities\MathUtils.h">
      <Filter>Utilities</Filter>
    </ClInclude>
    <ClInclude Include="Framework\Object.h">
      <Filter>Framework</Filter>
    </ClInclude>
    <ClInclude Include="Framework\SerializedField.h">
      <Filter>Framework</Filter>
    </ClInclude>
    <ClInclude Include="Utilities\Property.h">
      <Filter>Utilities</Filter>
    </ClInclude>
    <ClInclude Include="Framework\PhysX\PhysXCommons.h">
      <Filter>Framework\PhysX</Filter>
    </ClInclude>
    <ClInclude Include="Framework\PhysX\PhysXManager.h">
      <Filter>Framework\PhysX</Filter>
    </ClInclude>
    <ClInclude Include="Framework\PhysX\PhysXRenderer.h">
      <Filter>Framework\PhysX</Filter>
    </ClInclude>
    <ClInclude Include="Framework\PhysX\PhysXScene.h">
      <Filter>Framework\PhysX</Filter>
    </ClInclude>
    <ClInclude Include="Utilities\FPS.h">
      <Filter>Utilities</Filter>
    </ClInclude>
    <ClInclude Include="Libraries\picojson.h">
      <Filter>Libraries</Filter>
    </ClInclude>
    <ClInclude Include="Game\PlayScenePause.h">
      <Filter>Game</Filter>
    </ClInclude>
    <ClInclude Include="Framework\PauseHandler.h">
      <Filter>Framework</Filter>
    </ClInclude>
    <ClInclude Include="Framework\SaveHandler.h">
      <Filter>Framework</Filter>
    </ClInclude>
    <ClInclude Include="Framework\WindowHandler.h">
      <Filter>Framework</Filter>
    </ClInclude>
    <ClInclude Include="Framework\ObjectField.h">
      <Filter>Framework</Filter>
    </ClInclude>
    <ClInclude Include="Framework\ExitHandler.h">
      <Filter>Framework</Filter>
    </ClInclude>
    <ClInclude Include="Game\InfinityGridFloor.h">
      <Filter>Game</Filter>
    </ClInclude>
    <ClInclude Include="Libraries\entt\config\config.h">
      <Filter>Libraries\entt\config</Filter>
    </ClInclude>
    <ClInclude Include="Libraries\entt\core\algorithm.hpp">
      <Filter>Libraries\entt\core</Filter>
    </ClInclude>
    <ClInclude Include="Libraries\entt\core\family.hpp">
      <Filter>Libraries\entt\core</Filter>
    </ClInclude>
    <ClInclude Include="Libraries\entt\core\hashed_string.hpp">
      <Filter>Libraries\entt\core</Filter>
    </ClInclude>
    <ClInclude Include="Libraries\entt\core\ident.hpp">
      <Filter>Libraries\entt\core</Filter>
    </ClInclude>
    <ClInclude Include="Libraries\entt\core\monostate.hpp">
      <Filter>Libraries\entt\core</Filter>
    </ClInclude>
    <ClInclude Include="Libraries\entt\entity\actor.hpp">
      <Filter>Libraries\entt\entity</Filter>
    </ClInclude>
    <ClInclude Include="Libraries\entt\entity\attachee.hpp">
      <Filter>Libraries\entt\entity</Filter>
    </ClInclude>
    <ClInclude Include="Libraries\entt\entity\entity.hpp">
      <Filter>Libraries\entt\entity</Filter>
    </ClInclude>
    <ClInclude Include="Libraries\entt\entity\entt_traits.hpp">
      <Filter>Libraries\entt\entity</Filter>
    </ClInclude>
    <ClInclude Include="Libraries\entt\entity\helper.hpp">
      <Filter>Libraries\entt\entity</Filter>
    </ClInclude>
    <ClInclude Include="Libraries\entt\entity\prototype.hpp">
      <Filter>Libraries\entt\entity</Filter>
    </ClInclude>
    <ClInclude Include="Libraries\entt\entity\registry.hpp">
      <Filter>Libraries\entt\entity</Filter>
    </ClInclude>
    <ClInclude Include="Libraries\entt\entity\snapshot.hpp">
      <Filter>Libraries\entt\entity</Filter>
    </ClInclude>
    <ClInclude Include="Libraries\entt\entity\sparse_set.hpp">
      <Filter>Libraries\entt\entity</Filter>
    </ClInclude>
    <ClInclude Include="Libraries\entt\entity\utility.hpp">
      <Filter>Libraries\entt\entity</Filter>
    </ClInclude>
    <ClInclude Include="Libraries\entt\entity\view.hpp">
      <Filter>Libraries\entt\entity</Filter>
    </ClInclude>
    <ClInclude Include="Libraries\entt\locator\locator.hpp">
      <Filter>Libraries\entt\locator</Filter>
    </ClInclude>
    <ClInclude Include="Libraries\entt\process\process.hpp">
      <Filter>Libraries\entt\process</Filter>
    </ClInclude>
    <ClInclude Include="Libraries\entt\process\scheduler.hpp">
      <Filter>Libraries\entt\process</Filter>
    </ClInclude>
    <ClInclude Include="Libraries\entt\resource\cache.hpp">
      <Filter>Libraries\entt\resource</Filter>
    </ClInclude>
    <ClInclude Include="Libraries\entt\resource\handle.hpp">
      <Filter>Libraries\entt\resource</Filter>
    </ClInclude>
    <ClInclude Include="Libraries\entt\resource\loader.hpp">
      <Filter>Libraries\entt\resource</Filter>
    </ClInclude>
    <ClInclude Include="Libraries\entt\signal\delegate.hpp">
      <Filter>Libraries\entt\signal</Filter>
    </ClInclude>
    <ClInclude Include="Libraries\entt\signal\dispatcher.hpp">
      <Filter>Libraries\entt\signal</Filter>
    </ClInclude>
    <ClInclude Include="Libraries\entt\signal\emitter.hpp">
      <Filter>Libraries\entt\signal</Filter>
    </ClInclude>
    <ClInclude Include="Libraries\entt\signal\sigh.hpp">
      <Filter>Libraries\entt\signal</Filter>
    </ClInclude>
    <ClInclude Include="Libraries\entt\entt.hpp">
      <Filter>Libraries\entt</Filter>
    </ClInclude>
    <ClInclude Include="Framework\SceneManagement\Scene.h">
      <Filter>Framework\SceneManagement</Filter>
    </ClInclude>
    <ClInclude Include="Framework\SceneManagement\SceneManager.h">
      <Filter>Framework\SceneManagement</Filter>
    </ClInclude>
    <ClInclude Include="Framework\ImGui\ImGuiManager.h">
      <Filter>Framework\ImGui</Filter>
    </ClInclude>
    <ClInclude Include="Framework\ImGui\ImGuiStyles.h">
      <Filter>Framework\ImGui</Filter>
    </ClInclude>
    <ClInclude Include="Framework\Physics\Collider.h">
      <Filter>Framework\Physics</Filter>
    </ClInclude>
    <ClInclude Include="Framework\Physics\Rigidbody.h">
      <Filter>Framework\Physics</Filter>
    </ClInclude>
    <ClInclude Include="Framework\SceneManagement\SceneTransitions.h">
      <Filter>Framework\SceneManagement</Filter>
    </ClInclude>
    <ClInclude Include="Framework\SceneManagement\SceneTransition.h">
      <Filter>Framework\SceneManagement</Filter>
    </ClInclude>
    <ClInclude Include="Utilities\HashedString.h">
      <Filter>Utilities</Filter>
    </ClInclude>
    <ClInclude Include="Utilities\BinaryFile.h">
      <Filter>Utilities</Filter>
    </ClInclude>
  </ItemGroup>
  <ItemGroup>
    <ClCompile Include="pch.cpp" />
    <ClCompile Include="Main.cpp" />
    <ClCompile Include="Framework\Game.cpp">
      <Filter>Framework</Filter>
    </ClCompile>
    <ClCompile Include="Common\DeviceResources.cpp">
      <Filter>Common</Filter>
    </ClCompile>
    <ClCompile Include="Game\BaseScene.cpp">
      <Filter>Game</Filter>
    </ClCompile>
    <ClCompile Include="Game\BuildSettings.cpp">
      <Filter>Game</Filter>
    </ClCompile>
    <ClCompile Include="Game\LogoScene.cpp">
      <Filter>Game</Filter>
    </ClCompile>
    <ClCompile Include="Game\PlayScene.cpp">
      <Filter>Game</Filter>
    </ClCompile>
    <ClCompile Include="Game\ResultScene.cpp">
      <Filter>Game</Filter>
    </ClCompile>
    <ClCompile Include="Game\SceneCommons.cpp">
      <Filter>Game</Filter>
    </ClCompile>
    <ClCompile Include="Game\TitleScene.cpp">
      <Filter>Game</Filter>
    </ClCompile>
    <ClCompile Include="Framework\DebugTools\GridFloorWrapper.cpp">
      <Filter>Framework\DebugTools</Filter>
    </ClCompile>
    <ClCompile Include="Framework\DebugTools\DebugCamera.cpp">
      <Filter>Framework\DebugTools</Filter>
    </ClCompile>
    <ClCompile Include="Framework\DebugTools\DebugCameraWrapper.cpp">
      <Filter>Framework\DebugTools</Filter>
    </ClCompile>
    <ClCompile Include="Framework\DebugTools\GridFloor.cpp">
      <Filter>Framework\DebugTools</Filter>
    </ClCompile>
    <ClCompile Include="Framework\GameCamera.cpp">
      <Filter>Framework</Filter>
    </ClCompile>
    <ClCompile Include="Utilities\Random.cpp">
      <Filter>Utilities</Filter>
    </ClCompile>
    <ClCompile Include="Utilities\AspectUtils.cpp">
      <Filter>Utilities</Filter>
    </ClCompile>
    <ClCompile Include="Utilities\Input.cpp">
      <Filter>Utilities</Filter>
    </ClCompile>
    <ClCompile Include="Utilities\MathUtils.cpp">
      <Filter>Utilities</Filter>
    </ClCompile>
    <ClCompile Include="Framework\SerializedField.cpp">
      <Filter>Framework</Filter>
    </ClCompile>
    <ClCompile Include="Framework\PhysX\PhysXManager.cpp">
      <Filter>Framework\PhysX</Filter>
    </ClCompile>
    <ClCompile Include="Framework\PhysX\PhysXRenderer.cpp">
      <Filter>Framework\PhysX</Filter>
    </ClCompile>
    <ClCompile Include="Framework\PhysX\PhysXScene.cpp">
      <Filter>Framework\PhysX</Filter>
    </ClCompile>
    <ClCompile Include="Game\PlayScenePause.cpp">
      <Filter>Game</Filter>
    </ClCompile>
    <ClCompile Include="Framework\PauseHandler.cpp">
      <Filter>Framework</Filter>
    </ClCompile>
    <ClCompile Include="Framework\SaveHandler.cpp">
      <Filter>Framework</Filter>
    </ClCompile>
    <ClCompile Include="Game\InfinityGridFloor.cpp">
      <Filter>Game</Filter>
    </ClCompile>
    <ClCompile Include="Framework\Transform.cpp">
      <Filter>Framework</Filter>
    </ClCompile>
    <ClCompile Include="Framework\SceneManagement\Scene.cpp">
      <Filter>Framework\SceneManagement</Filter>
    </ClCompile>
    <ClCompile Include="Framework\SceneManagement\SceneManager.cpp">
      <Filter>Framework\SceneManagement</Filter>
    </ClCompile>
    <ClCompile Include="Framework\ImGui\ImGuiManager.cpp">
      <Filter>Framework\ImGui</Filter>
    </ClCompile>
    <ClCompile Include="Framework\ImGui\ImGuiStyles.cpp">
      <Filter>Framework\ImGui</Filter>
    </ClCompile>
    <ClCompile Include="Framework\Physics\Collider.cpp">
      <Filter>Framework\Physics</Filter>
    </ClCompile>
    <ClCompile Include="Framework\Physics\Rigidbody.cpp">
      <Filter>Framework\Physics</Filter>
    </ClCompile>
    <ClCompile Include="Framework\SceneManagement\SceneTransitions.cpp">
      <Filter>Framework\SceneManagement</Filter>
    </ClCompile>
    <ClCompile Include="Utilities\BinaryFile.cpp">
      <Filter>Utilities</Filter>
    </ClCompile>
  </ItemGroup>
  <ItemGroup>
    <ResourceCompile Include="Resources\resource.rc">
      <Filter>Resources</Filter>
    </ResourceCompile>
  </ItemGroup>
  <ItemGroup>
    <Image Include="directx.ico">
      <Filter>Resources\Icons</Filter>
    </Image>
  </ItemGroup>
  <ItemGroup>
    <Manifest Include="Resources\settings.manifest">
      <Filter>Resources</Filter>
    </Manifest>
  </ItemGroup>
  <ItemGroup>
    <MeshContentTask Include="Resources\Models\Assets\igaguri.fbx">
      <Filter>Assets\Models</Filter>
    </MeshContentTask>
    <MeshContentTask Include="Resources\Models\Assets\target.fbx">
      <Filter>Assets\Models</Filter>
    </MeshContentTask>
  </ItemGroup>
  <ItemGroup>
    <FxCompile Include="Resources\Shaders\Assets\RuleTransitionPS.hlsl">
      <Filter>Assets\Shaders</Filter>
    </FxCompile>
    <FxCompile Include="Resources\Shaders\Assets\RuleTransitionVS.hlsl">
      <Filter>Assets\Shaders</Filter>
    </FxCompile>
  </ItemGroup>
  <ItemGroup>
    <None Include="Resources\Shaders\Assets\RuleTransition.hlsli">
      <Filter>Assets\Shaders</Filter>
    </None>
  </ItemGroup>
</Project>