<?xml version="1.0" encoding="utf-8"?>
<Project ToolsVersion="4.0" xmlns="http://schemas.microsoft.com/developer/msbuild/2003">
  <ItemGroup>
    <Filter Include="Common">
      <UniqueIdentifier>dd471a7f-755e-4eeb-bbe7-9f4d12f0c8dd</UniqueIdentifier>
    </Filter>
    <Filter Include="Assets">
      <UniqueIdentifier>946e6a1b-bb73-4530-aa2b-c858cc9d80a7</UniqueIdentifier>
      <Extensions>ico;cur;bmp;dds;dlg;fbx;rct;bin;rgs;gif;jpg;jpeg;jpe;resx;tga;tiff;tif;png;wav;mfcribbon-ms</Extensions>
    </Filter>
    <Filter Include="Framework">
      <UniqueIdentifier>{62cfa7e4-8610-4266-8021-e17b4ef9da93}</UniqueIdentifier>
    </Filter>
    <Filter Include="Game">
      <UniqueIdentifier>{cf8a0ca0-8af4-47bd-887f-df40814b70ae}</UniqueIdentifier>
    </Filter>
    <Filter Include="Resources">
      <UniqueIdentifier>{a85a0aac-a8fc-4f91-9a85-637537f77f2a}</UniqueIdentifier>
    </Filter>
    <Filter Include="Resources\Icons">
      <UniqueIdentifier>{d6d1ab5d-e663-48ef-ab5d-e9d80e50a4ab}</UniqueIdentifier>
    </Filter>
    <Filter Include="Framework\DebugTools">
      <UniqueIdentifier>{b5498548-590e-41a8-b1f7-e928560f1c99}</UniqueIdentifier>
    </Filter>
    <Filter Include="Utilities">
      <UniqueIdentifier>{3cabf63c-93d3-4911-a9e2-6b44bf879037}</UniqueIdentifier>
    </Filter>
    <Filter Include="Framework\PhysX">
      <UniqueIdentifier>{7b01bfa2-6ca7-490b-ac5b-16d4575d9dad}</UniqueIdentifier>
    </Filter>
    <Filter Include="Libraries">
      <UniqueIdentifier>{f51ead3e-6acf-4b03-b0d7-1b38c4166517}</UniqueIdentifier>
    </Filter>
    <Filter Include="Libraries\entt">
      <UniqueIdentifier>{18490d86-28d3-43e0-b71b-0a554da8f5f1}</UniqueIdentifier>
    </Filter>
    <Filter Include="Libraries\entt\config">
      <UniqueIdentifier>{d7cb8d82-d192-4d2f-884b-34be721b0adc}</UniqueIdentifier>
    </Filter>
    <Filter Include="Libraries\entt\core">
      <UniqueIdentifier>{917039ed-8c7a-4d29-87e1-3fb32e48fa7e}</UniqueIdentifier>
    </Filter>
    <Filter Include="Libraries\entt\entity">
      <UniqueIdentifier>{de1967a4-f3c5-4e39-9505-da160420ac60}</UniqueIdentifier>
    </Filter>
    <Filter Include="Libraries\entt\locator">
      <UniqueIdentifier>{58c80bd2-a7c8-42f0-9759-99111d21670f}</UniqueIdentifier>
    </Filter>
    <Filter Include="Libraries\entt\process">
      <UniqueIdentifier>{9f50b01f-98fc-409d-81ad-ea1ed8e81ce7}</UniqueIdentifier>
    </Filter>
    <Filter Include="Libraries\entt\resource">
      <UniqueIdentifier>{fcca93f8-ce06-4d38-a4f5-8f7e5c262aa8}</UniqueIdentifier>
    </Filter>
    <Filter Include="Libraries\entt\signal">
      <UniqueIdentifier>{40bd6c40-54c1-4991-a038-0e84b7707d83}</UniqueIdentifier>
    </Filter>
    <Filter Include="Framework\SceneManagement">
      <UniqueIdentifier>{93cb9e8a-6484-4eda-827f-c685444c9f8f}</UniqueIdentifier>
    </Filter>
    <Filter Include="Framework\ImGui">
      <UniqueIdentifier>{653870b9-633f-4429-9e86-214f8ba913a7}</UniqueIdentifier>
    </Filter>
    <Filter Include="Framework\Physics">
      <UniqueIdentifier>{968b202d-8ad8-45fc-b895-d2e54b4b2abc}</UniqueIdentifier>
    </Filter>
    <Filter Include="Assets\Models">
      <UniqueIdentifier>{9b5cb267-9962-4216-93b7-bafe3443cf78}</UniqueIdentifier>
    </Filter>
    <Filter Include="Assets\Shaders">
      <UniqueIdentifier>{a4e9b9d3-6215-4d78-a9b4-4d9590eec3bd}</UniqueIdentifier>
    </Filter>
    <Filter Include="Framework\ECS">
      <UniqueIdentifier>{095a5f1f-47f5-4e92-85bf-2e1a57cb2f04}</UniqueIdentifier>
    </Filter>
    <Filter Include="Framework\Components">
      <UniqueIdentifier>{2bdf8b6a-63de-47ce-8c20-2090feafb850}</UniqueIdentifier>
    </Filter>
    <Filter Include="Framework\Context">
      <UniqueIdentifier>{568cbd5a-439e-4b87-9c9b-6acae77ddc0b}</UniqueIdentifier>
    </Filter>
    <Filter Include="Game\Components">
      <UniqueIdentifier>{7cce0b91-7d67-4ecb-b8b6-84751ab46b95}</UniqueIdentifier>
    </Filter>
    <Filter Include="Game\Events">
      <UniqueIdentifier>{c5b4d880-481b-4546-8d75-27e33970246b}</UniqueIdentifier>
    </Filter>
    <Filter Include="Framework\Events">
      <UniqueIdentifier>{3c75dc0f-9d59-4f3c-b0b1-94a1e4c65f6d}</UniqueIdentifier>
    </Filter>
    <Filter Include="Game\Tags">
      <UniqueIdentifier>{a3de3cb6-9d24-40a6-b60d-b9d7943b6e17}</UniqueIdentifier>
    </Filter>
    <Filter Include="Framework\Tags">
      <UniqueIdentifier>{e3a98d2a-83b3-44b3-890a-a42f0b76ed3c}</UniqueIdentifier>
    </Filter>
  </ItemGroup>
  <ItemGroup>
    <ClInclude Include="pch.h" />
    <ClInclude Include="Framework\Game.h">
      <Filter>Framework</Filter>
    </ClInclude>
    <ClInclude Include="Common\DeviceResources.h">
      <Filter>Common</Filter>
    </ClInclude>
    <ClInclude Include="Common\StepTimer.h">
      <Filter>Common</Filter>
    </ClInclude>
    <ClInclude Include="Framework\DebugTools\GridFloor.h">
      <Filter>Framework\DebugTools</Filter>
    </ClInclude>
    <ClInclude Include="Framework\DebugTools\GridFloorWrapper.h">
      <Filter>Framework\DebugTools</Filter>
    </ClInclude>
    <ClInclude Include="Framework\DebugTools\DebugCamera.h">
      <Filter>Framework\DebugTools</Filter>
    </ClInclude>
    <ClInclude Include="Framework\DebugTools\DebugCameraWrapper.h">
      <Filter>Framework\DebugTools</Filter>
    </ClInclude>
    <ClInclude Include="Utilities\MemoryLeakDetector.h">
      <Filter>Utilities</Filter>
    </ClInclude>
    <ClInclude Include="Utilities\Optional.h">
      <Filter>Utilities</Filter>
    </ClInclude>
    <ClInclude Include="Utilities\Random.h">
      <Filter>Utilities</Filter>
    </ClInclude>
    <ClInclude Include="Utilities\Singleton.h">
      <Filter>Utilities</Filter>
    </ClInclude>
    <ClInclude Include="Utilities\String.h">
      <Filter>Utilities</Filter>
    </ClInclude>
    <ClInclude Include="Utilities\TypeId.h">
      <Filter>Utilities</Filter>
    </ClInclude>
    <ClInclude Include="Utilities\AspectUtils.h">
      <Filter>Utilities</Filter>
    </ClInclude>
    <ClInclude Include="Utilities\Event.h">
      <Filter>Utilities</Filter>
    </ClInclude>
    <ClInclude Include="Utilities\Input.h">
      <Filter>Utilities</Filter>
    </ClInclude>
    <ClInclude Include="Utilities\MathUtils.h">
      <Filter>Utilities</Filter>
    </ClInclude>
    <ClInclude Include="Utilities\Property.h">
      <Filter>Utilities</Filter>
    </ClInclude>
    <ClInclude Include="Framework\PhysX\PhysXCommons.h">
      <Filter>Framework\PhysX</Filter>
    </ClInclude>
    <ClInclude Include="Framework\PhysX\PhysXManager.h">
      <Filter>Framework\PhysX</Filter>
    </ClInclude>
    <ClInclude Include="Framework\PhysX\PhysXRenderer.h">
      <Filter>Framework\PhysX</Filter>
    </ClInclude>
    <ClInclude Include="Utilities\FPS.h">
      <Filter>Utilities</Filter>
    </ClInclude>
    <ClInclude Include="Libraries\picojson.h">
      <Filter>Libraries</Filter>
    </ClInclude>
    <ClInclude Include="Libraries\entt\config\config.h">
      <Filter>Libraries\entt\config</Filter>
    </ClInclude>
    <ClInclude Include="Libraries\entt\core\algorithm.hpp">
      <Filter>Libraries\entt\core</Filter>
    </ClInclude>
    <ClInclude Include="Libraries\entt\core\family.hpp">
      <Filter>Libraries\entt\core</Filter>
    </ClInclude>
    <ClInclude Include="Libraries\entt\core\hashed_string.hpp">
      <Filter>Libraries\entt\core</Filter>
    </ClInclude>
    <ClInclude Include="Libraries\entt\core\ident.hpp">
      <Filter>Libraries\entt\core</Filter>
    </ClInclude>
    <ClInclude Include="Libraries\entt\core\monostate.hpp">
      <Filter>Libraries\entt\core</Filter>
    </ClInclude>
    <ClInclude Include="Libraries\entt\entity\actor.hpp">
      <Filter>Libraries\entt\entity</Filter>
    </ClInclude>
    <ClInclude Include="Libraries\entt\entity\attachee.hpp">
      <Filter>Libraries\entt\entity</Filter>
    </ClInclude>
    <ClInclude Include="Libraries\entt\entity\entity.hpp">
      <Filter>Libraries\entt\entity</Filter>
    </ClInclude>
    <ClInclude Include="Libraries\entt\entity\entt_traits.hpp">
      <Filter>Libraries\entt\entity</Filter>
    </ClInclude>
    <ClInclude Include="Libraries\entt\entity\helper.hpp">
      <Filter>Libraries\entt\entity</Filter>
    </ClInclude>
    <ClInclude Include="Libraries\entt\entity\prototype.hpp">
      <Filter>Libraries\entt\entity</Filter>
    </ClInclude>
    <ClInclude Include="Libraries\entt\entity\registry.hpp">
      <Filter>Libraries\entt\entity</Filter>
    </ClInclude>
    <ClInclude Include="Libraries\entt\entity\snapshot.hpp">
      <Filter>Libraries\entt\entity</Filter>
    </ClInclude>
    <ClInclude Include="Libraries\entt\entity\sparse_set.hpp">
      <Filter>Libraries\entt\entity</Filter>
    </ClInclude>
    <ClInclude Include="Libraries\entt\entity\utility.hpp">
      <Filter>Libraries\entt\entity</Filter>
    </ClInclude>
    <ClInclude Include="Libraries\entt\entity\view.hpp">
      <Filter>Libraries\entt\entity</Filter>
    </ClInclude>
    <ClInclude Include="Libraries\entt\locator\locator.hpp">
      <Filter>Libraries\entt\locator</Filter>
    </ClInclude>
    <ClInclude Include="Libraries\entt\process\process.hpp">
      <Filter>Libraries\entt\process</Filter>
    </ClInclude>
    <ClInclude Include="Libraries\entt\process\scheduler.hpp">
      <Filter>Libraries\entt\process</Filter>
    </ClInclude>
    <ClInclude Include="Libraries\entt\resource\cache.hpp">
      <Filter>Libraries\entt\resource</Filter>
    </ClInclude>
    <ClInclude Include="Libraries\entt\resource\handle.hpp">
      <Filter>Libraries\entt\resource</Filter>
    </ClInclude>
    <ClInclude Include="Libraries\entt\resource\loader.hpp">
      <Filter>Libraries\entt\resource</Filter>
    </ClInclude>
    <ClInclude Include="Libraries\entt\signal\delegate.hpp">
      <Filter>Libraries\entt\signal</Filter>
    </ClInclude>
    <ClInclude Include="Libraries\entt\signal\dispatcher.hpp">
      <Filter>Libraries\entt\signal</Filter>
    </ClInclude>
    <ClInclude Include="Libraries\entt\signal\emitter.hpp">
      <Filter>Libraries\entt\signal</Filter>
    </ClInclude>
    <ClInclude Include="Libraries\entt\signal\sigh.hpp">
      <Filter>Libraries\entt\signal</Filter>
    </ClInclude>
    <ClInclude Include="Libraries\entt\entt.hpp">
      <Filter>Libraries\entt</Filter>
    </ClInclude>
    <ClInclude Include="Framework\ImGui\ImGuiManager.h">
      <Filter>Framework\ImGui</Filter>
    </ClInclude>
    <ClInclude Include="Framework\ImGui\ImGuiStyles.h">
      <Filter>Framework\ImGui</Filter>
    </ClInclude>
    <ClInclude Include="Framework\Physics\Collider.h">
      <Filter>Framework\Physics</Filter>
    </ClInclude>
    <ClInclude Include="Framework\Physics\Rigidbody.h">
      <Filter>Framework\Physics</Filter>
    </ClInclude>
    <ClInclude Include="Framework\SceneManagement\SceneTransitions.h">
      <Filter>Framework\SceneManagement</Filter>
    </ClInclude>
    <ClInclude Include="Framework\SceneManagement\SceneTransition.h">
      <Filter>Framework\SceneManagement</Filter>
    </ClInclude>
    <ClInclude Include="Utilities\HashedString.h">
      <Filter>Utilities</Filter>
    </ClInclude>
    <ClInclude Include="Utilities\BinaryFile.h">
      <Filter>Utilities</Filter>
    </ClInclude>
    <ClInclude Include="Framework\ECS\GameObject.h">
      <Filter>Framework\ECS</Filter>
    </ClInclude>
    <ClInclude Include="Framework\ECS\Scene.h">
      <Filter>Framework\ECS</Filter>
    </ClInclude>
    <ClInclude Include="Framework\ECS\Serialize.h">
      <Filter>Framework\ECS</Filter>
    </ClInclude>
    <ClInclude Include="Framework\ECS\EventBus.h">
      <Filter>Framework\ECS</Filter>
    </ClInclude>
    <ClInclude Include="Framework\ECS\GameContext.h">
      <Filter>Framework\ECS</Filter>
    </ClInclude>
    <ClInclude Include="Framework\Context\SaveHandler.h">
      <Filter>Framework\Context</Filter>
    </ClInclude>
    <ClInclude Include="Framework\Context\WindowHandler.h">
      <Filter>Framework\Context</Filter>
    </ClInclude>
    <ClInclude Include="Framework\Context\GameCamera.h">
      <Filter>Framework\Context</Filter>
    </ClInclude>
    <ClInclude Include="Framework\Context\PauseHandler.h">
      <Filter>Framework\Context</Filter>
    </ClInclude>
    <ClInclude Include="Framework\ImGui\Widgets.h">
      <Filter>Framework\ImGui</Filter>
    </ClInclude>
    <ClInclude Include="Framework\MyGame.h">
      <Filter>Framework</Filter>
    </ClInclude>
    <ClInclude Include="Framework\ECS\ComponentManager.h">
      <Filter>Framework\ECS</Filter>
    </ClInclude>
    <ClInclude Include="Framework\ECS\Component.h">
      <Filter>Framework\ECS</Filter>
    </ClInclude>
    <ClInclude Include="Framework\Context\SceneManager.h">
      <Filter>Framework\Context</Filter>
    </ClInclude>
    <ClInclude Include="Framework\Components\Transform.h">
      <Filter>Framework\Components</Filter>
    </ClInclude>
    <ClInclude Include="Utilities\WindowsUtils.h">
      <Filter>Utilities</Filter>
    </ClInclude>
    <ClInclude Include="Utilities\Math3DUtils.h">
      <Filter>Utilities</Filter>
    </ClInclude>
    <ClInclude Include="Game\Components\AllComponents.h">
      <Filter>Game\Components</Filter>
    </ClInclude>
    <ClInclude Include="Game\Components\Background.h">
      <Filter>Game\Components</Filter>
    </ClInclude>
    <ClInclude Include="Game\Components\Menu.h">
      <Filter>Game\Components</Filter>
    </ClInclude>
    <ClInclude Include="Utilities\StringCast.h">
      <Filter>Utilities</Filter>
    </ClInclude>
    <ClInclude Include="Game\Components\FPSCamera.h">
      <Filter>Game\Components</Filter>
    </ClInclude>
    <ClInclude Include="Game\Components\InfinityGridFloor.h">
      <Filter>Game\Components</Filter>
    </ClInclude>
    <ClInclude Include="Framework\Components\StandardSerialize.h">
      <Filter>Framework\Components</Filter>
    </ClInclude>
    <ClInclude Include="Game\Components\PrimitiveRenderer.h">
      <Filter>Game\Components</Filter>
    </ClInclude>
    <ClInclude Include="Game\Components\ModelRenderer.h">
      <Filter>Game\Components</Filter>
    </ClInclude>
    <ClInclude Include="Framework\ECS\Context.h">
      <Filter>Framework\ECS</Filter>
    </ClInclude>
    <ClInclude Include="Game\BuildSettings.h">
      <Filter>Game</Filter>
    </ClInclude>
    <ClInclude Include="Game\Events\AllEvents.h">
      <Filter>Game\Events</Filter>
    </ClInclude>
    <ClInclude Include="Framework\StandardBuildSettings.h">
      <Filter>Framework</Filter>
    </ClInclude>
    <ClInclude Include="Framework\ECS\Project.h">
      <Filter>Framework\ECS</Filter>
    </ClInclude>
    <ClInclude Include="Framework\Events\Updatable.h">
      <Filter>Framework\Events</Filter>
    </ClInclude>
    <ClInclude Include="Framework\Events\Renderable.h">
      <Filter>Framework\Events</Filter>
    </ClInclude>
    <ClInclude Include="Game\Components\CameraComponent.h">
      <Filter>Game\Components</Filter>
    </ClInclude>
    <ClInclude Include="Game\Tags\AllTags.h">
      <Filter>Game\Tags</Filter>
    </ClInclude>
    <ClInclude Include="Framework\ECS\Tag.h">
      <Filter>Framework\ECS</Filter>
    </ClInclude>
    <ClInclude Include="Framework\Tags\Tags.h">
      <Filter>Framework\Tags</Filter>
    </ClInclude>
    <ClInclude Include="Framework\Physics\Collidable.h">
      <Filter>Framework\Physics</Filter>
    </ClInclude>
    <ClInclude Include="Framework\Context\ApplicationHandler.h">
      <Filter>Framework\Context</Filter>
    </ClInclude>
    <ClInclude Include="Game\Components\FontRenderer.h">
      <Filter>Game\Components</Filter>
    </ClInclude>
    <ClInclude Include="Game\Components\PlayerController.h">
      <Filter>Game\Components</Filter>
    </ClInclude>
    <ClInclude Include="Game\Components\PlayerCamera.h">
      <Filter>Game\Components</Filter>
    </ClInclude>
    <ClInclude Include="Framework\ImGui\WidgetDND.h">
      <Filter>Framework\ImGui</Filter>
    </ClInclude>
    <ClInclude Include="Game\Components\RainbowEffect.h">
      <Filter>Game\Components</Filter>
    </ClInclude>
    <ClInclude Include="Game\Components\Goal.h">
      <Filter>Game\Components</Filter>
    </ClInclude>
    <ClInclude Include="Framework\PhysX\PhysXScene.h">
      <Filter>Framework\SceneManagement</Filter>
    </ClInclude>
  </ItemGroup>
  <ItemGroup>
    <ClCompile Include="pch.cpp" />
    <ClCompile Include="Main.cpp" />
    <ClCompile Include="Framework\Game.cpp">
      <Filter>Framework</Filter>
    </ClCompile>
    <ClCompile Include="Common\DeviceResources.cpp">
      <Filter>Common</Filter>
    </ClCompile>
    <ClCompile Include="Framework\DebugTools\GridFloorWrapper.cpp">
      <Filter>Framework\DebugTools</Filter>
    </ClCompile>
    <ClCompile Include="Framework\DebugTools\DebugCamera.cpp">
      <Filter>Framework\DebugTools</Filter>
    </ClCompile>
    <ClCompile Include="Framework\DebugTools\DebugCameraWrapper.cpp">
      <Filter>Framework\DebugTools</Filter>
    </ClCompile>
    <ClCompile Include="Framework\DebugTools\GridFloor.cpp">
      <Filter>Framework\DebugTools</Filter>
    </ClCompile>
    <ClCompile Include="Utilities\Random.cpp">
      <Filter>Utilities</Filter>
    </ClCompile>
    <ClCompile Include="Utilities\AspectUtils.cpp">
      <Filter>Utilities</Filter>
    </ClCompile>
    <ClCompile Include="Utilities\Input.cpp">
      <Filter>Utilities</Filter>
    </ClCompile>
    <ClCompile Include="Utilities\MathUtils.cpp">
      <Filter>Utilities</Filter>
    </ClCompile>
    <ClCompile Include="Framework\PhysX\PhysXManager.cpp">
      <Filter>Framework\PhysX</Filter>
    </ClCompile>
    <ClCompile Include="Framework\PhysX\PhysXRenderer.cpp">
      <Filter>Framework\PhysX</Filter>
    </ClCompile>
    <ClCompile Include="Framework\PhysX\PhysXScene.cpp">
      <Filter>Framework\PhysX</Filter>
    </ClCompile>
    <ClCompile Include="Framework\ImGui\ImGuiManager.cpp">
      <Filter>Framework\ImGui</Filter>
    </ClCompile>
    <ClCompile Include="Framework\ImGui\ImGuiStyles.cpp">
      <Filter>Framework\ImGui</Filter>
    </ClCompile>
    <ClCompile Include="Framework\Physics\Collider.cpp">
      <Filter>Framework\Physics</Filter>
    </ClCompile>
    <ClCompile Include="Framework\Physics\Rigidbody.cpp">
      <Filter>Framework\Physics</Filter>
    </ClCompile>
    <ClCompile Include="Framework\SceneManagement\SceneTransitions.cpp">
      <Filter>Framework\SceneManagement</Filter>
    </ClCompile>
    <ClCompile Include="Utilities\BinaryFile.cpp">
      <Filter>Utilities</Filter>
    </ClCompile>
    <ClCompile Include="Framework\ECS\Scene.cpp">
      <Filter>Framework\ECS</Filter>
    </ClCompile>
    <ClCompile Include="Framework\ECS\GameContext.cpp">
      <Filter>Framework\ECS</Filter>
    </ClCompile>
    <ClCompile Include="Framework\ECS\GameObject.cpp">
      <Filter>Framework\ECS</Filter>
    </ClCompile>
    <ClCompile Include="Framework\Context\GameCamera.cpp">
      <Filter>Framework\Context</Filter>
    </ClCompile>
    <ClCompile Include="Framework\Context\PauseHandler.cpp">
      <Filter>Framework\Context</Filter>
    </ClCompile>
    <ClCompile Include="Framework\Context\SaveHandler.cpp">
      <Filter>Framework\Context</Filter>
    </ClCompile>
    <ClCompile Include="Framework\ImGui\Widgets.cpp">
      <Filter>Framework\ImGui</Filter>
    </ClCompile>
    <ClCompile Include="Framework\MyGame.cpp">
      <Filter>Framework</Filter>
    </ClCompile>
    <ClCompile Include="Framework\Context\SceneManager.cpp">
      <Filter>Framework\Context</Filter>
    </ClCompile>
    <ClCompile Include="Framework\Components\Transform.cpp">
      <Filter>Framework\Components</Filter>
    </ClCompile>
    <ClCompile Include="Utilities\WindowsUtils.cpp">
      <Filter>Utilities</Filter>
    </ClCompile>
    <ClCompile Include="Utilities\Math3DUtils.cpp">
      <Filter>Utilities</Filter>
    </ClCompile>
    <ClCompile Include="Game\Components\Background.cpp">
      <Filter>Game\Components</Filter>
    </ClCompile>
    <ClCompile Include="Game\Components\Menu.cpp">
      <Filter>Game\Components</Filter>
    </ClCompile>
    <ClCompile Include="Game\Components\FPSCamera.cpp">
      <Filter>Game\Components</Filter>
    </ClCompile>
    <ClCompile Include="Game\Components\InfinityGridFloor.cpp">
      <Filter>Game\Components</Filter>
    </ClCompile>
    <ClCompile Include="Game\Components\PrimitiveRenderer.cpp">
      <Filter>Game\Components</Filter>
    </ClCompile>
    <ClCompile Include="Game\Components\ModelRenderer.cpp">
      <Filter>Game\Components</Filter>
    </ClCompile>
    <ClCompile Include="Game\Components\CameraComponent.cpp">
      <Filter>Game\Components</Filter>
    </ClCompile>
    <ClCompile Include="Framework\Context\ApplicationHandler.cpp">
      <Filter>Framework\Context</Filter>
    </ClCompile>
    <ClCompile Include="Game\Components\FontRenderer.cpp">
      <Filter>Game\Components</Filter>
    </ClCompile>
    <ClCompile Include="Game\Components\PlayerController.cpp">
      <Filter>Game\Components</Filter>
    </ClCompile>
    <ClCompile Include="Game\Components\PlayerCamera.cpp">
      <Filter>Game\Components</Filter>
    </ClCompile>
    <ClCompile Include="Framework\ImGui\WidgetDND.cpp">
      <Filter>Framework\ImGui</Filter>
    </ClCompile>
    <ClCompile Include="Game\Components\RainbowEffect.cpp">
      <Filter>Game\Components</Filter>
    </ClCompile>
    <ClCompile Include="Game\Components\Goal.cpp">
      <Filter>Game\Components</Filter>
    </ClCompile>
  </ItemGroup>
  <ItemGroup>
    <ResourceCompile Include="Resources\resource.rc">
      <Filter>Resources</Filter>
    </ResourceCompile>
  </ItemGroup>
  <ItemGroup>
    <Image Include="directx.ico">
      <Filter>Resources\Icons</Filter>
    </Image>
  </ItemGroup>
  <ItemGroup>
    <Manifest Include="Resources\settings.manifest">
      <Filter>Resources</Filter>
    </Manifest>
  </ItemGroup>
  <ItemGroup>
    <MeshContentTask Include="Resources\Models\Assets\igaguri.fbx">
      <Filter>Assets\Models</Filter>
    </MeshContentTask>
    <MeshContentTask Include="Resources\Models\Assets\target.fbx">
      <Filter>Assets\Models</Filter>
    </MeshContentTask>
    <MeshContentTask Include="Resources\Models\Assets\Terrain.obj">
      <Filter>Assets\Models</Filter>
    </MeshContentTask>
  </ItemGroup>
  <ItemGroup>
    <FxCompile Include="Resources\Shaders\Assets\RuleTransitionPS.hlsl">
      <Filter>Assets\Shaders</Filter>
    </FxCompile>
    <FxCompile Include="Resources\Shaders\Assets\RuleTransitionVS.hlsl">
      <Filter>Assets\Shaders</Filter>
    </FxCompile>
  </ItemGroup>
  <ItemGroup>
    <None Include="Resources\Shaders\Assets\RuleTransition.hlsli">
      <Filter>Assets\Shaders</Filter>
    </None>
  </ItemGroup>
</Project>